
Microsoft Visual Studio Solution File, Format Version 12.00
# Visual Studio Version 17
VisualStudioVersion = 17.8.34309.116
MinimumVisualStudioVersion = 10.0.40219.1
Project("{2150E333-8FDC-42A3-9474-1A3956D46DE8}") = "src", "src", "{9416F8FC-44C5-42B6-8CEB-D2318AE491A7}"
EndProject
Project("{2150E333-8FDC-42A3-9474-1A3956D46DE8}") = "BuildingBlocks", "BuildingBlocks", "{05DE879F-B316-4B92-A585-BC27DCFD1F40}"
EndProject
Project("{2150E333-8FDC-42A3-9474-1A3956D46DE8}") = "Services", "Services", "{03558447-024C-4219-8FB9-3D26E549433E}"
EndProject
Project("{2150E333-8FDC-42A3-9474-1A3956D46DE8}") = "Web", "Web", "{1FBAB871-EC3F-497E-B1ED-5FD52DCF474E}"
EndProject
Project("{2150E333-8FDC-42A3-9474-1A3956D46DE8}") = "Identidade", "Identidade", "{AB15D321-C2BE-408E-896C-33A8D059056B}"
EndProject
Project("{9A19103F-16F7-4668-BE54-9A1E7A4F7556}") = "NSE.Identidade.API", "src\services\NSE.Identidade.Api\NSE.Identidade.API.csproj", "{69A94DD8-2736-4F2F-9214-E2BE45754800}"
EndProject
Project("{2150E333-8FDC-42A3-9474-1A3956D46DE8}") = "MVC", "MVC", "{4FE4FB2A-946F-4A32-B3D9-5A4F1584613E}"
EndProject
Project("{9A19103F-16F7-4668-BE54-9A1E7A4F7556}") = "NSE.WebApplication.MVC", "src\web\NSE.WebApplication.MVC\NSE.WebApplication.MVC.csproj", "{A3104818-A124-428D-9690-4CC0B0111C4D}"
EndProject
Project("{2150E333-8FDC-42A3-9474-1A3956D46DE8}") = "Core", "Core", "{B12ACFD5-C784-4A75-A865-7C78043387EA}"
EndProject
Project("{9A19103F-16F7-4668-BE54-9A1E7A4F7556}") = "NSE.Core", "src\buildingBlocks\NSE.Core\NSE.Core.csproj", "{4A74CF30-6F3B-4DA3-934B-1A46DC095FA1}"
EndProject
Project("{9A19103F-16F7-4668-BE54-9A1E7A4F7556}") = "NSE.Carrinho.API", "src\services\NSE.Carrinho.API\NSE.Carrinho.API.csproj", "{9E98A5A5-E379-43DC-AB6F-A64C84648BC4}"
EndProject
Project("{2150E333-8FDC-42A3-9474-1A3956D46DE8}") = "Carrinho", "Carrinho", "{63BB73EE-A896-4E1E-9656-C64F30D5AEF9}"
EndProject
Project("{2150E333-8FDC-42A3-9474-1A3956D46DE8}") = "Catalogo", "Catalogo", "{6C5F714C-6691-498C-A1CC-EF800AE4F5BC}"
EndProject
Project("{9A19103F-16F7-4668-BE54-9A1E7A4F7556}") = "NSE.Catalogo.API", "src\services\NSE.Catalogo.API\NSE.Catalogo.API.csproj", "{80ABDE3C-B0AF-4D3D-A428-44BC9F97EBB1}"
EndProject
Project("{2150E333-8FDC-42A3-9474-1A3956D46DE8}") = "Cliente", "Cliente", "{CB90DE24-0764-4CF8-9F18-0E641F4DF29B}"
EndProject
Project("{9A19103F-16F7-4668-BE54-9A1E7A4F7556}") = "NSE.Cliente.API", "src\services\NSE.Cliente.API\NSE.Cliente.API.csproj", "{D7B370B2-EC00-4B9F-904A-2D3223FA8B1F}"
EndProject
Project("{2150E333-8FDC-42A3-9474-1A3956D46DE8}") = "Pagamento", "Pagamento", "{D90AE71D-2F03-4494-A111-9B39ADBF4F40}"
EndProject
Project("{9A19103F-16F7-4668-BE54-9A1E7A4F7556}") = "NSE.Pagamento.api", "src\services\NSE.Pagamento.api\NSE.Pagamento.api.csproj", "{27BBA9C3-D310-4BD7-A0A5-B84635B8479F}"
EndProject
Project("{2150E333-8FDC-42A3-9474-1A3956D46DE8}") = "Pedido", "Pedido", "{F46E4DC5-94B8-4A1F-B5C8-67EB9C923936}"
EndProject
Project("{9A19103F-16F7-4668-BE54-9A1E7A4F7556}") = "NSE.Pedido.API", "src\services\NSE.Pedido.API\NSE.Pedido.API.csproj", "{0B1C1F59-4ED3-4479-A1E5-23DB53F97D15}"
EndProject
Project("{FAE04EC0-301F-11D3-BF4B-00C04F79EFBC}") = "NSE.WebApp.MvcTeste", "src\web\NSE.WebApp.MvcTeste\NSE.WebApp.MvcTeste.csproj", "{8E26BBF5-5CA8-4E47-ABDF-719C87310110}"
EndProject
Global
	GlobalSection(SolutionConfigurationPlatforms) = preSolution
		Debug|Any CPU = Debug|Any CPU
		Release|Any CPU = Release|Any CPU
	EndGlobalSection
	GlobalSection(ProjectConfigurationPlatforms) = postSolution
		{69A94DD8-2736-4F2F-9214-E2BE45754800}.Debug|Any CPU.ActiveCfg = Debug|Any CPU
		{69A94DD8-2736-4F2F-9214-E2BE45754800}.Debug|Any CPU.Build.0 = Debug|Any CPU
		{69A94DD8-2736-4F2F-9214-E2BE45754800}.Release|Any CPU.ActiveCfg = Release|Any CPU
		{69A94DD8-2736-4F2F-9214-E2BE45754800}.Release|Any CPU.Build.0 = Release|Any CPU
		{A3104818-A124-428D-9690-4CC0B0111C4D}.Debug|Any CPU.ActiveCfg = Debug|Any CPU
		{A3104818-A124-428D-9690-4CC0B0111C4D}.Debug|Any CPU.Build.0 = Debug|Any CPU
		{A3104818-A124-428D-9690-4CC0B0111C4D}.Release|Any CPU.ActiveCfg = Release|Any CPU
		{A3104818-A124-428D-9690-4CC0B0111C4D}.Release|Any CPU.Build.0 = Release|Any CPU
		{4A74CF30-6F3B-4DA3-934B-1A46DC095FA1}.Debug|Any CPU.ActiveCfg = Debug|Any CPU
		{4A74CF30-6F3B-4DA3-934B-1A46DC095FA1}.Debug|Any CPU.Build.0 = Debug|Any CPU
		{4A74CF30-6F3B-4DA3-934B-1A46DC095FA1}.Release|Any CPU.ActiveCfg = Release|Any CPU
		{4A74CF30-6F3B-4DA3-934B-1A46DC095FA1}.Release|Any CPU.Build.0 = Release|Any CPU
		{9E98A5A5-E379-43DC-AB6F-A64C84648BC4}.Debug|Any CPU.ActiveCfg = Debug|Any CPU
		{9E98A5A5-E379-43DC-AB6F-A64C84648BC4}.Debug|Any CPU.Build.0 = Debug|Any CPU
		{9E98A5A5-E379-43DC-AB6F-A64C84648BC4}.Release|Any CPU.ActiveCfg = Release|Any CPU
		{9E98A5A5-E379-43DC-AB6F-A64C84648BC4}.Release|Any CPU.Build.0 = Release|Any CPU
		{80ABDE3C-B0AF-4D3D-A428-44BC9F97EBB1}.Debug|Any CPU.ActiveCfg = Debug|Any CPU
		{80ABDE3C-B0AF-4D3D-A428-44BC9F97EBB1}.Debug|Any CPU.Build.0 = Debug|Any CPU
		{80ABDE3C-B0AF-4D3D-A428-44BC9F97EBB1}.Release|Any CPU.ActiveCfg = Release|Any CPU
		{80ABDE3C-B0AF-4D3D-A428-44BC9F97EBB1}.Release|Any CPU.Build.0 = Release|Any CPU
		{D7B370B2-EC00-4B9F-904A-2D3223FA8B1F}.Debug|Any CPU.ActiveCfg = Debug|Any CPU
		{D7B370B2-EC00-4B9F-904A-2D3223FA8B1F}.Debug|Any CPU.Build.0 = Debug|Any CPU
		{D7B370B2-EC00-4B9F-904A-2D3223FA8B1F}.Release|Any CPU.ActiveCfg = Release|Any CPU
		{D7B370B2-EC00-4B9F-904A-2D3223FA8B1F}.Release|Any CPU.Build.0 = Release|Any CPU
		{27BBA9C3-D310-4BD7-A0A5-B84635B8479F}.Debug|Any CPU.ActiveCfg = Debug|Any CPU
		{27BBA9C3-D310-4BD7-A0A5-B84635B8479F}.Debug|Any CPU.Build.0 = Debug|Any CPU
		{27BBA9C3-D310-4BD7-A0A5-B84635B8479F}.Release|Any CPU.ActiveCfg = Release|Any CPU
		{27BBA9C3-D310-4BD7-A0A5-B84635B8479F}.Release|Any CPU.Build.0 = Release|Any CPU
		{0B1C1F59-4ED3-4479-A1E5-23DB53F97D15}.Debug|Any CPU.ActiveCfg = Debug|Any CPU
		{0B1C1F59-4ED3-4479-A1E5-23DB53F97D15}.Debug|Any CPU.Build.0 = Debug|Any CPU
		{0B1C1F59-4ED3-4479-A1E5-23DB53F97D15}.Release|Any CPU.ActiveCfg = Release|Any CPU
		{0B1C1F59-4ED3-4479-A1E5-23DB53F97D15}.Release|Any CPU.Build.0 = Release|Any CPU
		{8E26BBF5-5CA8-4E47-ABDF-719C87310110}.Debug|Any CPU.ActiveCfg = Debug|Any CPU
		{8E26BBF5-5CA8-4E47-ABDF-719C87310110}.Debug|Any CPU.Build.0 = Debug|Any CPU
		{8E26BBF5-5CA8-4E47-ABDF-719C87310110}.Release|Any CPU.ActiveCfg = Release|Any CPU
		{8E26BBF5-5CA8-4E47-ABDF-719C87310110}.Release|Any CPU.Build.0 = Release|Any CPU
	EndGlobalSection
	GlobalSection(SolutionProperties) = preSolution
		HideSolutionNode = FALSE
	EndGlobalSection
	GlobalSection(NestedProjects) = preSolution
		{05DE879F-B316-4B92-A585-BC27DCFD1F40} = {9416F8FC-44C5-42B6-8CEB-D2318AE491A7}
		{03558447-024C-4219-8FB9-3D26E549433E} = {9416F8FC-44C5-42B6-8CEB-D2318AE491A7}
		{1FBAB871-EC3F-497E-B1ED-5FD52DCF474E} = {9416F8FC-44C5-42B6-8CEB-D2318AE491A7}
		{AB15D321-C2BE-408E-896C-33A8D059056B} = {03558447-024C-4219-8FB9-3D26E549433E}
		{69A94DD8-2736-4F2F-9214-E2BE45754800} = {AB15D321-C2BE-408E-896C-33A8D059056B}
		{4FE4FB2A-946F-4A32-B3D9-5A4F1584613E} = {1FBAB871-EC3F-497E-B1ED-5FD52DCF474E}
		{A3104818-A124-428D-9690-4CC0B0111C4D} = {4FE4FB2A-946F-4A32-B3D9-5A4F1584613E}
		{B12ACFD5-C784-4A75-A865-7C78043387EA} = {05DE879F-B316-4B92-A585-BC27DCFD1F40}
		{4A74CF30-6F3B-4DA3-934B-1A46DC095FA1} = {B12ACFD5-C784-4A75-A865-7C78043387EA}
		{9E98A5A5-E379-43DC-AB6F-A64C84648BC4} = {63BB73EE-A896-4E1E-9656-C64F30D5AEF9}
		{63BB73EE-A896-4E1E-9656-C64F30D5AEF9} = {03558447-024C-4219-8FB9-3D26E549433E}
		{6C5F714C-6691-498C-A1CC-EF800AE4F5BC} = {03558447-024C-4219-8FB9-3D26E549433E}
		{80ABDE3C-B0AF-4D3D-A428-44BC9F97EBB1} = {6C5F714C-6691-498C-A1CC-EF800AE4F5BC}
		{CB90DE24-0764-4CF8-9F18-0E641F4DF29B} = {03558447-024C-4219-8FB9-3D26E549433E}
		{D7B370B2-EC00-4B9F-904A-2D3223FA8B1F} = {CB90DE24-0764-4CF8-9F18-0E641F4DF29B}
		{D90AE71D-2F03-4494-A111-9B39ADBF4F40} = {03558447-024C-4219-8FB9-3D26E549433E}
		{27BBA9C3-D310-4BD7-A0A5-B84635B8479F} = {D90AE71D-2F03-4494-A111-9B39ADBF4F40}
		{F46E4DC5-94B8-4A1F-B5C8-67EB9C923936} = {03558447-024C-4219-8FB9-3D26E549433E}
		{0B1C1F59-4ED3-4479-A1E5-23DB53F97D15} = {F46E4DC5-94B8-4A1F-B5C8-67EB9C923936}
		{8E26BBF5-5CA8-4E47-ABDF-719C87310110} = {4FE4FB2A-946F-4A32-B3D9-5A4F1584613E}
	EndGlobalSection
	GlobalSection(ExtensibilityGlobals) = postSolution
		SolutionGuid = {2306D494-6444-41D3-BADE-DBD75F5AC68C}
	EndGlobalSection
EndGlobal
